
Microsoft Visual Studio Solution File, Format Version 12.00
# Visual Studio Version 16
VisualStudioVersion = 16.0.29905.134
MinimumVisualStudioVersion = 10.0.40219.1
Project("{9A19103F-16F7-4668-BE54-9A1E7A4F7556}") = "Ocean.Api", "Ocean.Api\Ocean.Api.csproj", "{C3E0754F-1C84-4D41-9D01-2741D5F0D1CF}"
EndProject
Project("{2150E333-8FDC-42A3-9474-1A3956D46DE8}") = "Solution Items", "Solution Items", "{F0E96786-E1F1-4A58-8370-27D6F2AA94CE}"
	ProjectSection(SolutionItems) = preProject
		.editorconfig = .editorconfig
	EndProjectSection
EndProject
Project("{9A19103F-16F7-4668-BE54-9A1E7A4F7556}") = "Ocean.Application", "Ocean.Abstractions\Ocean.Application.csproj", "{C9552C76-B93E-4A4A-8B00-946ED12CA15C}"
EndProject
Project("{9A19103F-16F7-4668-BE54-9A1E7A4F7556}") = "Ocean.Domain", "Ocean.Domain\Ocean.Domain.csproj", "{3DFC0B74-040D-42BD-A6D0-4DD3D16A0467}"
EndProject
Project("{9A19103F-16F7-4668-BE54-9A1E7A4F7556}") = "Ocean.Infrastructure", "Ocean.Infrastructure\Ocean.Infrastructure.csproj", "{9E4B1328-4F69-4A04-B8F2-99382CA1CF9C}"
EndProject
Project("{9A19103F-16F7-4668-BE54-9A1E7A4F7556}") = "Ocean.Domain.Core", "Ocean.Domain.Core\Ocean.Domain.Core.csproj", "{03FD7D37-F8D7-4578-B3DD-AF57BD7879DD}"
EndProject
Project("{FAE04EC0-301F-11D3-BF4B-00C04F79EFBC}") = "Ocean.Infrastructure.Tools", "Ocean.Infrastructure.Tools\Ocean.Infrastructure.Tools.csproj", "{0DB69F9A-6E52-42EA-8797-AAF7AB68385E}"
EndProject
Global
	GlobalSection(SolutionConfigurationPlatforms) = preSolution
		Debug|Any CPU = Debug|Any CPU
		Release|Any CPU = Release|Any CPU
	EndGlobalSection
	GlobalSection(ProjectConfigurationPlatforms) = postSolution
		{C3E0754F-1C84-4D41-9D01-2741D5F0D1CF}.Debug|Any CPU.ActiveCfg = Debug|Any CPU
		{C3E0754F-1C84-4D41-9D01-2741D5F0D1CF}.Debug|Any CPU.Build.0 = Debug|Any CPU
		{C3E0754F-1C84-4D41-9D01-2741D5F0D1CF}.Release|Any CPU.ActiveCfg = Release|Any CPU
		{C3E0754F-1C84-4D41-9D01-2741D5F0D1CF}.Release|Any CPU.Build.0 = Release|Any CPU
		{C9552C76-B93E-4A4A-8B00-946ED12CA15C}.Debug|Any CPU.ActiveCfg = Debug|Any CPU
		{C9552C76-B93E-4A4A-8B00-946ED12CA15C}.Debug|Any CPU.Build.0 = Debug|Any CPU
		{C9552C76-B93E-4A4A-8B00-946ED12CA15C}.Release|Any CPU.ActiveCfg = Release|Any CPU
		{C9552C76-B93E-4A4A-8B00-946ED12CA15C}.Release|Any CPU.Build.0 = Release|Any CPU
		{3DFC0B74-040D-42BD-A6D0-4DD3D16A0467}.Debug|Any CPU.ActiveCfg = Debug|Any CPU
		{3DFC0B74-040D-42BD-A6D0-4DD3D16A0467}.Debug|Any CPU.Build.0 = Debug|Any CPU
		{3DFC0B74-040D-42BD-A6D0-4DD3D16A0467}.Release|Any CPU.ActiveCfg = Release|Any CPU
		{3DFC0B74-040D-42BD-A6D0-4DD3D16A0467}.Release|Any CPU.Build.0 = Release|Any CPU
		{9E4B1328-4F69-4A04-B8F2-99382CA1CF9C}.Debug|Any CPU.ActiveCfg = Debug|Any CPU
		{9E4B1328-4F69-4A04-B8F2-99382CA1CF9C}.Debug|Any CPU.Build.0 = Debug|Any CPU
		{9E4B1328-4F69-4A04-B8F2-99382CA1CF9C}.Release|Any CPU.ActiveCfg = Release|Any CPU
		{9E4B1328-4F69-4A04-B8F2-99382CA1CF9C}.Release|Any CPU.Build.0 = Release|Any CPU
		{03FD7D37-F8D7-4578-B3DD-AF57BD7879DD}.Debug|Any CPU.ActiveCfg = Debug|Any CPU
		{03FD7D37-F8D7-4578-B3DD-AF57BD7879DD}.Debug|Any CPU.Build.0 = Debug|Any CPU
		{03FD7D37-F8D7-4578-B3DD-AF57BD7879DD}.Release|Any CPU.ActiveCfg = Release|Any CPU
		{03FD7D37-F8D7-4578-B3DD-AF57BD7879DD}.Release|Any CPU.Build.0 = Release|Any CPU
		{0DB69F9A-6E52-42EA-8797-AAF7AB68385E}.Debug|Any CPU.ActiveCfg = Debug|Any CPU
		{0DB69F9A-6E52-42EA-8797-AAF7AB68385E}.Debug|Any CPU.Build.0 = Debug|Any CPU
		{0DB69F9A-6E52-42EA-8797-AAF7AB68385E}.Release|Any CPU.ActiveCfg = Release|Any CPU
		{0DB69F9A-6E52-42EA-8797-AAF7AB68385E}.Release|Any CPU.Build.0 = Release|Any CPU
	EndGlobalSection
	GlobalSection(SolutionProperties) = preSolution
		HideSolutionNode = FALSE
	EndGlobalSection
	GlobalSection(ExtensibilityGlobals) = postSolution
		SolutionGuid = {6BA30921-8965-441A-B0A2-31D72FE4CDBE}
	EndGlobalSection
EndGlobal
